// !$*UTF8*$!
{
	archiveVersion = 1;
	classes = {
	};
	objectVersion = 48;
	objects = {

/* Begin PBXBuildFile section */
		839D9A30C3DA1558D9FF2F7C /* Pods_Smack.framework in Frameworks */ = {isa = PBXBuildFile; fileRef = B32DDA5C94C36585C4510B5A /* Pods_Smack.framework */; };
		D03450452021555A00CCA7B3 /* AppDelegate.swift in Sources */ = {isa = PBXBuildFile; fileRef = D03450442021555A00CCA7B3 /* AppDelegate.swift */; };
		D034504A2021555A00CCA7B3 /* Main.storyboard in Resources */ = {isa = PBXBuildFile; fileRef = D03450482021555A00CCA7B3 /* Main.storyboard */; };
		D034504C2021555A00CCA7B3 /* Assets.xcassets in Resources */ = {isa = PBXBuildFile; fileRef = D034504B2021555A00CCA7B3 /* Assets.xcassets */; };
		D034504F2021555A00CCA7B3 /* LaunchScreen.storyboard in Resources */ = {isa = PBXBuildFile; fileRef = D034504D2021555A00CCA7B3 /* LaunchScreen.storyboard */; };
		D034505C202266A500CCA7B3 /* SWRevealViewController.m in Sources */ = {isa = PBXBuildFile; fileRef = D034505A202266A400CCA7B3 /* SWRevealViewController.m */; };
		D03450612022695100CCA7B3 /* ChatViewController.swift in Sources */ = {isa = PBXBuildFile; fileRef = D03450602022695100CCA7B3 /* ChatViewController.swift */; };
		D03450632022696100CCA7B3 /* ChannelViewController.swift in Sources */ = {isa = PBXBuildFile; fileRef = D03450622022696100CCA7B3 /* ChannelViewController.swift */; };
		D084295C20226F3A00537EE7 /* GradientView.swift in Sources */ = {isa = PBXBuildFile; fileRef = D084295B20226F3A00537EE7 /* GradientView.swift */; };
		D084295F2028FA6500537EE7 /* Constants.swift in Sources */ = {isa = PBXBuildFile; fileRef = D084295E2028FA6500537EE7 /* Constants.swift */; };
		D08429612032486A00537EE7 /* LoginViewController.swift in Sources */ = {isa = PBXBuildFile; fileRef = D08429602032486A00537EE7 /* LoginViewController.swift */; };
/* End PBXBuildFile section */

/* Begin PBXFileReference section */
		0FA8A159C9F9445424B7DDBB /* Pods-Smack.release.xcconfig */ = {isa = PBXFileReference; includeInIndex = 1; lastKnownFileType = text.xcconfig; name = "Pods-Smack.release.xcconfig"; path = "Pods/Target Support Files/Pods-Smack/Pods-Smack.release.xcconfig"; sourceTree = "<group>"; };
		86DC994D58EC09BF4F77AAA6 /* Pods-Smack.debug.xcconfig */ = {isa = PBXFileReference; includeInIndex = 1; lastKnownFileType = text.xcconfig; name = "Pods-Smack.debug.xcconfig"; path = "Pods/Target Support Files/Pods-Smack/Pods-Smack.debug.xcconfig"; sourceTree = "<group>"; };
		B32DDA5C94C36585C4510B5A /* Pods_Smack.framework */ = {isa = PBXFileReference; explicitFileType = wrapper.framework; includeInIndex = 0; path = Pods_Smack.framework; sourceTree = BUILT_PRODUCTS_DIR; };
		D03450412021555A00CCA7B3 /* Smack.app */ = {isa = PBXFileReference; explicitFileType = wrapper.application; includeInIndex = 0; path = Smack.app; sourceTree = BUILT_PRODUCTS_DIR; };
		D03450442021555A00CCA7B3 /* AppDelegate.swift */ = {isa = PBXFileReference; lastKnownFileType = sourcecode.swift; path = AppDelegate.swift; sourceTree = "<group>"; };
		D03450492021555A00CCA7B3 /* Base */ = {isa = PBXFileReference; lastKnownFileType = file.storyboard; name = Base; path = Base.lproj/Main.storyboard; sourceTree = "<group>"; };
		D034504B2021555A00CCA7B3 /* Assets.xcassets */ = {isa = PBXFileReference; lastKnownFileType = folder.assetcatalog; path = Assets.xcassets; sourceTree = "<group>"; };
		D034504E2021555A00CCA7B3 /* Base */ = {isa = PBXFileReference; lastKnownFileType = file.storyboard; name = Base; path = Base.lproj/LaunchScreen.storyboard; sourceTree = "<group>"; };
		D03450502021555A00CCA7B3 /* Info.plist */ = {isa = PBXFileReference; lastKnownFileType = text.plist.xml; path = Info.plist; sourceTree = "<group>"; };
		D0345059202266A400CCA7B3 /* Smack-Bridging-Header.h */ = {isa = PBXFileReference; lastKnownFileType = sourcecode.c.h; path = "Smack-Bridging-Header.h"; sourceTree = "<group>"; };
		D034505A202266A400CCA7B3 /* SWRevealViewController.m */ = {isa = PBXFileReference; fileEncoding = 4; lastKnownFileType = sourcecode.c.objc; path = SWRevealViewController.m; sourceTree = "<group>"; };
		D034505B202266A500CCA7B3 /* SWRevealViewController.h */ = {isa = PBXFileReference; fileEncoding = 4; lastKnownFileType = sourcecode.c.h; path = SWRevealViewController.h; sourceTree = "<group>"; };
		D03450602022695100CCA7B3 /* ChatViewController.swift */ = {isa = PBXFileReference; lastKnownFileType = sourcecode.swift; path = ChatViewController.swift; sourceTree = "<group>"; };
		D03450622022696100CCA7B3 /* ChannelViewController.swift */ = {isa = PBXFileReference; lastKnownFileType = sourcecode.swift; path = ChannelViewController.swift; sourceTree = "<group>"; };
		D084295B20226F3A00537EE7 /* GradientView.swift */ = {isa = PBXFileReference; lastKnownFileType = sourcecode.swift; path = GradientView.swift; sourceTree = "<group>"; };
		D084295E2028FA6500537EE7 /* Constants.swift */ = {isa = PBXFileReference; lastKnownFileType = sourcecode.swift; path = Constants.swift; sourceTree = "<group>"; };
		D08429602032486A00537EE7 /* LoginViewController.swift */ = {isa = PBXFileReference; lastKnownFileType = sourcecode.swift; path = LoginViewController.swift; sourceTree = "<group>"; };
/* End PBXFileReference section */

/* Begin PBXFrameworksBuildPhase section */
		D034503E2021555A00CCA7B3 /* Frameworks */ = {
			isa = PBXFrameworksBuildPhase;
			buildActionMask = 2147483647;
			files = (
				839D9A30C3DA1558D9FF2F7C /* Pods_Smack.framework in Frameworks */,
			);
			runOnlyForDeploymentPostprocessing = 0;
		};
/* End PBXFrameworksBuildPhase section */

/* Begin PBXGroup section */
		1AE21DFC2085304E46B1B0DA /* Frameworks */ = {
			isa = PBXGroup;
			children = (
				B32DDA5C94C36585C4510B5A /* Pods_Smack.framework */,
			);
			name = Frameworks;
			sourceTree = "<group>";
		};
		2C52A2B101D8AAB6EBD24582 /* Pods */ = {
			isa = PBXGroup;
			children = (
				86DC994D58EC09BF4F77AAA6 /* Pods-Smack.debug.xcconfig */,
				0FA8A159C9F9445424B7DDBB /* Pods-Smack.release.xcconfig */,
			);
			name = Pods;
			sourceTree = "<group>";
		};
		D03450382021555A00CCA7B3 = {
			isa = PBXGroup;
			children = (
				D03450432021555A00CCA7B3 /* Smack */,
				D03450422021555A00CCA7B3 /* Products */,
				2C52A2B101D8AAB6EBD24582 /* Pods */,
				1AE21DFC2085304E46B1B0DA /* Frameworks */,
			);
			sourceTree = "<group>";
		};
		D03450422021555A00CCA7B3 /* Products */ = {
			isa = PBXGroup;
			children = (
				D03450412021555A00CCA7B3 /* Smack.app */,
			);
			name = Products;
			sourceTree = "<group>";
		};
		D03450432021555A00CCA7B3 /* Smack */ = {
			isa = PBXGroup;
			children = (
				D084295D2028FA5200537EE7 /* Utilities */,
				D034505F2022693700CCA7B3 /* Models */,
				D034505E2022692D00CCA7B3 /* Views */,
				D034505D2022691200CCA7B3 /* Controllers */,
				D03450582022667F00CCA7B3 /* Supporting Files */,
				D03450442021555A00CCA7B3 /* AppDelegate.swift */,
				D03450482021555A00CCA7B3 /* Main.storyboard */,
				D034504B2021555A00CCA7B3 /* Assets.xcassets */,
				D034504D2021555A00CCA7B3 /* LaunchScreen.storyboard */,
				D03450502021555A00CCA7B3 /* Info.plist */,
			);
			path = Smack;
			sourceTree = "<group>";
		};
		D03450582022667F00CCA7B3 /* Supporting Files */ = {
			isa = PBXGroup;
			children = (
				D034505B202266A500CCA7B3 /* SWRevealViewController.h */,
				D034505A202266A400CCA7B3 /* SWRevealViewController.m */,
				D0345059202266A400CCA7B3 /* Smack-Bridging-Header.h */,
			);
			path = "Supporting Files";
			sourceTree = "<group>";
		};
		D034505D2022691200CCA7B3 /* Controllers */ = {
			isa = PBXGroup;
			children = (
				D03450602022695100CCA7B3 /* ChatViewController.swift */,
				D03450622022696100CCA7B3 /* ChannelViewController.swift */,
				D08429602032486A00537EE7 /* LoginViewController.swift */,
			);
			path = Controllers;
			sourceTree = "<group>";
		};
		D034505E2022692D00CCA7B3 /* Views */ = {
			isa = PBXGroup;
			children = (
				D084295B20226F3A00537EE7 /* GradientView.swift */,
			);
			path = Views;
			sourceTree = "<group>";
		};
		D034505F2022693700CCA7B3 /* Models */ = {
			isa = PBXGroup;
			children = (
			);
			path = Models;
			sourceTree = "<group>";
		};
		D084295D2028FA5200537EE7 /* Utilities */ = {
			isa = PBXGroup;
			children = (
				D084295E2028FA6500537EE7 /* Constants.swift */,
			);
			path = Utilities;
			sourceTree = "<group>";
		};
/* End PBXGroup section */

/* Begin PBXNativeTarget section */
		D03450402021555A00CCA7B3 /* Smack */ = {
			isa = PBXNativeTarget;
			buildConfigurationList = D03450532021555A00CCA7B3 /* Build configuration list for PBXNativeTarget "Smack" */;
			buildPhases = (
				CEE5CED939DD384479A8AE7B /* [CP] Check Pods Manifest.lock */,
				D034503D2021555A00CCA7B3 /* Sources */,
				D034503E2021555A00CCA7B3 /* Frameworks */,
				D034503F2021555A00CCA7B3 /* Resources */,
				977F78D4014D74AF5458D464 /* [CP] Embed Pods Frameworks */,
				6BBB53C6C3CB7294AACD9C9D /* [CP] Copy Pods Resources */,
			);
			buildRules = (
			);
			dependencies = (
			);
			name = Smack;
			productName = Smack;
			productReference = D03450412021555A00CCA7B3 /* Smack.app */;
			productType = "com.apple.product-type.application";
		};
/* End PBXNativeTarget section */

/* Begin PBXProject section */
		D03450392021555A00CCA7B3 /* Project object */ = {
			isa = PBXProject;
			attributes = {
				LastSwiftUpdateCheck = 0920;
				LastUpgradeCheck = 0920;
				ORGANIZATIONNAME = "Justin Hubbard";
				TargetAttributes = {
					D03450402021555A00CCA7B3 = {
						CreatedOnToolsVersion = 9.2;
						LastSwiftMigration = 0920;
						ProvisioningStyle = Automatic;
					};
				};
			};
			buildConfigurationList = D034503C2021555A00CCA7B3 /* Build configuration list for PBXProject "Smack" */;
			compatibilityVersion = "Xcode 8.0";
			developmentRegion = en;
			hasScannedForEncodings = 0;
			knownRegions = (
				en,
				Base,
			);
			mainGroup = D03450382021555A00CCA7B3;
			productRefGroup = D03450422021555A00CCA7B3 /* Products */;
			projectDirPath = "";
			projectRoot = "";
			targets = (
				D03450402021555A00CCA7B3 /* Smack */,
			);
		};
/* End PBXProject section */

/* Begin PBXResourcesBuildPhase section */
		D034503F2021555A00CCA7B3 /* Resources */ = {
			isa = PBXResourcesBuildPhase;
			buildActionMask = 2147483647;
			files = (
				D034504F2021555A00CCA7B3 /* LaunchScreen.storyboard in Resources */,
				D034504C2021555A00CCA7B3 /* Assets.xcassets in Resources */,
				D034504A2021555A00CCA7B3 /* Main.storyboard in Resources */,
			);
			runOnlyForDeploymentPostprocessing = 0;
		};
/* End PBXResourcesBuildPhase section */

/* Begin PBXShellScriptBuildPhase section */
		6BBB53C6C3CB7294AACD9C9D /* [CP] Copy Pods Resources */ = {
			isa = PBXShellScriptBuildPhase;
			buildActionMask = 2147483647;
			files = (
			);
			inputPaths = (
			);
			name = "[CP] Copy Pods Resources";
			outputPaths = (
			);
			runOnlyForDeploymentPostprocessing = 0;
			shellPath = /bin/sh;
			shellScript = "\"${SRCROOT}/Pods/Target Support Files/Pods-Smack/Pods-Smack-resources.sh\"\n";
			showEnvVarsInLog = 0;
		};
		977F78D4014D74AF5458D464 /* [CP] Embed Pods Frameworks */ = {
			isa = PBXShellScriptBuildPhase;
			buildActionMask = 2147483647;
			files = (
			);
			inputPaths = (
				"${SRCROOT}/Pods/Target Support Files/Pods-Smack/Pods-Smack-frameworks.sh",
				"${BUILT_PRODUCTS_DIR}/Alamofire/Alamofire.framework",
				"${BUILT_PRODUCTS_DIR}/Socket.IO-Client-Swift/SocketIO.framework",
				"${BUILT_PRODUCTS_DIR}/Starscream/Starscream.framework",
				"${BUILT_PRODUCTS_DIR}/SwiftyJSON/SwiftyJSON.framework",
			);
			name = "[CP] Embed Pods Frameworks";
			outputPaths = (
				"${TARGET_BUILD_DIR}/${FRAMEWORKS_FOLDER_PATH}/Alamofire.framework",
				"${TARGET_BUILD_DIR}/${FRAMEWORKS_FOLDER_PATH}/SocketIO.framework",
				"${TARGET_BUILD_DIR}/${FRAMEWORKS_FOLDER_PATH}/Starscream.framework",
				"${TARGET_BUILD_DIR}/${FRAMEWORKS_FOLDER_PATH}/SwiftyJSON.framework",
			);
			runOnlyForDeploymentPostprocessing = 0;
			shellPath = /bin/sh;
			shellScript = "\"${SRCROOT}/Pods/Target Support Files/Pods-Smack/Pods-Smack-frameworks.sh\"\n";
			showEnvVarsInLog = 0;
		};
		CEE5CED939DD384479A8AE7B /* [CP] Check Pods Manifest.lock */ = {
			isa = PBXShellScriptBuildPhase;
			buildActionMask = 2147483647;
			files = (
			);
			inputPaths = (
				"${PODS_PODFILE_DIR_PATH}/Podfile.lock",
				"${PODS_ROOT}/Manifest.lock",
			);
			name = "[CP] Check Pods Manifest.lock";
			outputPaths = (
				"$(DERIVED_FILE_DIR)/Pods-Smack-checkManifestLockResult.txt",
			);
			runOnlyForDeploymentPostprocessing = 0;
			shellPath = /bin/sh;
			shellScript = "diff \"${PODS_PODFILE_DIR_PATH}/Podfile.lock\" \"${PODS_ROOT}/Manifest.lock\" > /dev/null\nif [ $? != 0 ] ; then\n    # print error to STDERR\n    echo \"error: The sandbox is not in sync with the Podfile.lock. Run 'pod install' or update your CocoaPods installation.\" >&2\n    exit 1\nfi\n# This output is used by Xcode 'outputs' to avoid re-running this script phase.\necho \"SUCCESS\" > \"${SCRIPT_OUTPUT_FILE_0}\"\n";
			showEnvVarsInLog = 0;
		};
/* End PBXShellScriptBuildPhase section */

/* Begin PBXSourcesBuildPhase section */
		D034503D2021555A00CCA7B3 /* Sources */ = {
			isa = PBXSourcesBuildPhase;
			buildActionMask = 2147483647;
			files = (
				D08429612032486A00537EE7 /* LoginViewController.swift in Sources */,
				D03450452021555A00CCA7B3 /* AppDelegate.swift in Sources */,
				D03450612022695100CCA7B3 /* ChatViewController.swift in Sources */,
				D084295C20226F3A00537EE7 /* GradientView.swift in Sources */,
				D03450632022696100CCA7B3 /* ChannelViewController.swift in Sources */,
				D034505C202266A500CCA7B3 /* SWRevealViewController.m in Sources */,
				D084295F2028FA6500537EE7 /* Constants.swift in Sources */,
			);
			runOnlyForDeploymentPostprocessing = 0;
		};
/* End PBXSourcesBuildPhase section */

/* Begin PBXVariantGroup section */
		D03450482021555A00CCA7B3 /* Main.storyboard */ = {
			isa = PBXVariantGroup;
			children = (
				D03450492021555A00CCA7B3 /* Base */,
			);
			name = Main.storyboard;
			sourceTree = "<group>";
		};
		D034504D2021555A00CCA7B3 /* LaunchScreen.storyboard */ = {
			isa = PBXVariantGroup;
			children = (
				D034504E2021555A00CCA7B3 /* Base */,
			);
			name = LaunchScreen.storyboard;
			sourceTree = "<group>";
		};
/* End PBXVariantGroup section */

/* Begin XCBuildConfiguration section */
		D03450512021555A00CCA7B3 /* Debug */ = {
			isa = XCBuildConfiguration;
			buildSettings = {
				ALWAYS_SEARCH_USER_PATHS = NO;
				CLANG_ANALYZER_NONNULL = YES;
				CLANG_ANALYZER_NUMBER_OBJECT_CONVERSION = YES_AGGRESSIVE;
				CLANG_CXX_LANGUAGE_STANDARD = "gnu++14";
				CLANG_CXX_LIBRARY = "libc++";
				CLANG_ENABLE_MODULES = YES;
				CLANG_ENABLE_OBJC_ARC = YES;
				CLANG_WARN_BLOCK_CAPTURE_AUTORELEASING = YES;
				CLANG_WARN_BOOL_CONVERSION = YES;
				CLANG_WARN_COMMA = YES;
				CLANG_WARN_CONSTANT_CONVERSION = YES;
				CLANG_WARN_DIRECT_OBJC_ISA_USAGE = YES_ERROR;
				CLANG_WARN_DOCUMENTATION_COMMENTS = YES;
				CLANG_WARN_EMPTY_BODY = YES;
				CLANG_WARN_ENUM_CONVERSION = YES;
				CLANG_WARN_INFINITE_RECURSION = YES;
				CLANG_WARN_INT_CONVERSION = YES;
				CLANG_WARN_NON_LITERAL_NULL_CONVERSION = YES;
				CLANG_WARN_OBJC_LITERAL_CONVERSION = YES;
				CLANG_WARN_OBJC_ROOT_CLASS = YES_ERROR;
				CLANG_WARN_RANGE_LOOP_ANALYSIS = YES;
				CLANG_WARN_STRICT_PROTOTYPES = YES;
				CLANG_WARN_SUSPICIOUS_MOVE = YES;
				CLANG_WARN_UNGUARDED_AVAILABILITY = YES_AGGRESSIVE;
				CLANG_WARN_UNREACHABLE_CODE = YES;
				CLANG_WARN__DUPLICATE_METHOD_MATCH = YES;
				CODE_SIGN_IDENTITY = "iPhone Developer";
				COPY_PHASE_STRIP = NO;
				DEBUG_INFORMATION_FORMAT = dwarf;
				ENABLE_STRICT_OBJC_MSGSEND = YES;
				ENABLE_TESTABILITY = YES;
				GCC_C_LANGUAGE_STANDARD = gnu11;
				GCC_DYNAMIC_NO_PIC = NO;
				GCC_NO_COMMON_BLOCKS = YES;
				GCC_OPTIMIZATION_LEVEL = 0;
				GCC_PREPROCESSOR_DEFINITIONS = (
					"DEBUG=1",
					"$(inherited)",
				);
				GCC_WARN_64_TO_32_BIT_CONVERSION = YES;
				GCC_WARN_ABOUT_RETURN_TYPE = YES_ERROR;
				GCC_WARN_UNDECLARED_SELECTOR = YES;
				GCC_WARN_UNINITIALIZED_AUTOS = YES_AGGRESSIVE;
				GCC_WARN_UNUSED_FUNCTION = YES;
				GCC_WARN_UNUSED_VARIABLE = YES;
				IPHONEOS_DEPLOYMENT_TARGET = 11.2;
				MTL_ENABLE_DEBUG_INFO = YES;
				ONLY_ACTIVE_ARCH = YES;
				SDKROOT = iphoneos;
				SWIFT_ACTIVE_COMPILATION_CONDITIONS = DEBUG;
				SWIFT_OPTIMIZATION_LEVEL = "-Onone";
			};
			name = Debug;
		};
		D03450522021555A00CCA7B3 /* Release */ = {
			isa = XCBuildConfiguration;
			buildSettings = {
				ALWAYS_SEARCH_USER_PATHS = NO;
				CLANG_ANALYZER_NONNULL = YES;
				CLANG_ANALYZER_NUMBER_OBJECT_CONVERSION = YES_AGGRESSIVE;
				CLANG_CXX_LANGUAGE_STANDARD = "gnu++14";
				CLANG_CXX_LIBRARY = "libc++";
				CLANG_ENABLE_MODULES = YES;
				CLANG_ENABLE_OBJC_ARC = YES;
				CLANG_WARN_BLOCK_CAPTURE_AUTORELEASING = YES;
				CLANG_WARN_BOOL_CONVERSION = YES;
				CLANG_WARN_COMMA = YES;
				CLANG_WARN_CONSTANT_CONVERSION = YES;
				CLANG_WARN_DIRECT_OBJC_ISA_USAGE = YES_ERROR;
				CLANG_WARN_DOCUMENTATION_COMMENTS = YES;
				CLANG_WARN_EMPTY_BODY = YES;
				CLANG_WARN_ENUM_CONVERSION = YES;
				CLANG_WARN_INFINITE_RECURSION = YES;
				CLANG_WARN_INT_CONVERSION = YES;
				CLANG_WARN_NON_LITERAL_NULL_CONVERSION = YES;
				CLANG_WARN_OBJC_LITERAL_CONVERSION = YES;
				CLANG_WARN_OBJC_ROOT_CLASS = YES_ERROR;
				CLANG_WARN_RANGE_LOOP_ANALYSIS = YES;
				CLANG_WARN_STRICT_PROTOTYPES = YES;
				CLANG_WARN_SUSPICIOUS_MOVE = YES;
				CLANG_WARN_UNGUARDED_AVAILABILITY = YES_AGGRESSIVE;
				CLANG_WARN_UNREACHABLE_CODE = YES;
				CLANG_WARN__DUPLICATE_METHOD_MATCH = YES;
				CODE_SIGN_IDENTITY = "iPhone Developer";
				COPY_PHASE_STRIP = NO;
				DEBUG_INFORMATION_FORMAT = "dwarf-with-dsym";
				ENABLE_NS_ASSERTIONS = NO;
				ENABLE_STRICT_OBJC_MSGSEND = YES;
				GCC_C_LANGUAGE_STANDARD = gnu11;
				GCC_NO_COMMON_BLOCKS = YES;
				GCC_WARN_64_TO_32_BIT_CONVERSION = YES;
				GCC_WARN_ABOUT_RETURN_TYPE = YES_ERROR;
				GCC_WARN_UNDECLARED_SELECTOR = YES;
				GCC_WARN_UNINITIALIZED_AUTOS = YES_AGGRESSIVE;
				GCC_WARN_UNUSED_FUNCTION = YES;
				GCC_WARN_UNUSED_VARIABLE = YES;
				IPHONEOS_DEPLOYMENT_TARGET = 11.2;
				MTL_ENABLE_DEBUG_INFO = NO;
				SDKROOT = iphoneos;
				SWIFT_OPTIMIZATION_LEVEL = "-Owholemodule";
				VALIDATE_PRODUCT = YES;
			};
			name = Release;
		};
		D03450542021555A00CCA7B3 /* Debug */ = {
			isa = XCBuildConfiguration;
			baseConfigurationReference = 86DC994D58EC09BF4F77AAA6 /* Pods-Smack.debug.xcconfig */;
			buildSettings = {
				ASSETCATALOG_COMPILER_APPICON_NAME = AppIcon;
				CLANG_ENABLE_MODULES = YES;
				CODE_SIGN_STYLE = Automatic;
				DEVELOPMENT_TEAM = 7YP88MWDT2;
				INFOPLIST_FILE = Smack/Info.plist;
				LD_RUNPATH_SEARCH_PATHS = "$(inherited) @executable_path/Frameworks";
				PRODUCT_BUNDLE_IDENTIFIER = com.jhubbsoftwares..Smack;
				PRODUCT_NAME = "$(TARGET_NAME)";
				SWIFT_OBJC_BRIDGING_HEADER = "Smack/Supporting Files/Smack-Bridging-Header.h";
				SWIFT_OPTIMIZATION_LEVEL = "-Onone";
				SWIFT_VERSION = 4.0;
				TARGETED_DEVICE_FAMILY = "1,2";
			};
			name = Debug;
		};
		D03450552021555A00CCA7B3 /* Release */ = {
			isa = XCBuildConfiguration;
			baseConfigurationReference = 0FA8A159C9F9445424B7DDBB /* Pods-Smack.release.xcconfig */;
			buildSettings = {
				ASSETCATALOG_COMPILER_APPICON_NAME = AppIcon;
				CLANG_ENABLE_MODULES = YES;
				CODE_SIGN_STYLE = Automatic;
				DEVELOPMENT_TEAM = 7YP88MWDT2;
				INFOPLIST_FILE = Smack/Info.plist;
				LD_RUNPATH_SEARCH_PATHS = "$(inherited) @executable_path/Frameworks";
				PRODUCT_BUNDLE_IDENTIFIER = com.jhubbsoftwares..Smack;
				PRODUCT_NAME = "$(TARGET_NAME)";
				SWIFT_OBJC_BRIDGING_HEADER = "Smack/Supporting Files/Smack-Bridging-Header.h";
				SWIFT_VERSION = 4.0;
				TARGETED_DEVICE_FAMILY = "1,2";
			};
			name = Release;
		};
/* End XCBuildConfiguration section */

/* Begin XCConfigurationList section */
		D034503C2021555A00CCA7B3 /* Build configuration list for PBXProject "Smack" */ = {
			isa = XCConfigurationList;
			buildConfigurations = (
				D03450512021555A00CCA7B3 /* Debug */,
				D03450522021555A00CCA7B3 /* Release */,
			);
			defaultConfigurationIsVisible = 0;
			defaultConfigurationName = Release;
		};
		D03450532021555A00CCA7B3 /* Build configuration list for PBXNativeTarget "Smack" */ = {
			isa = XCConfigurationList;
			buildConfigurations = (
				D03450542021555A00CCA7B3 /* Debug */,
				D03450552021555A00CCA7B3 /* Release */,
			);
			defaultConfigurationIsVisible = 0;
			defaultConfigurationName = Release;
		};
/* End XCConfigurationList section */
	};
	rootObject = D03450392021555A00CCA7B3 /* Project object */;
}
